
Microsoft Visual Studio Solution File, Format Version 12.00
# Visual Studio Version 17
VisualStudioVersion = 17.14.37314.3 d17.14
MinimumVisualStudioVersion = 10.0.40219.1
Project("{FAE04EC0-301F-11D3-BF4B-00C04F79EFBC}") = "DesignPatternsPrinciples", "DesignPatternsPrinciples.csproj", "{D7001330-CD0A-41A1-AA5C-298605FD80EF}"
EndProject
Global
	GlobalSection(SolutionConfigurationPlatforms) = preSolution
		Debug|Any CPU = Debug|Any CPU
		Release|Any CPU = Release|Any CPU
	EndGlobalSection
	GlobalSection(ProjectConfigurationPlatforms) = postSolution
		{D7001330-CD0A-41A1-AA5C-298605FD80EF}.Debug|Any CPU.ActiveCfg = Debug|Any CPU
		{D7001330-CD0A-41A1-AA5C-298605FD80EF}.Debug|Any CPU.Build.0 = Debug|Any CPU
		{D7001330-CD0A-41A1-AA5C-298605FD80EF}.Release|Any CPU.ActiveCfg = Release|Any CPU
		{D7001330-CD0A-41A1-AA5C-298605FD80EF}.Release|Any CPU.Build.0 = Release|Any CPU
	EndGlobalSection
	GlobalSection(SolutionProperties) = preSolution
		HideSolutionNode = FALSE
	EndGlobalSection
	GlobalSection(ExtensibilityGlobals) = postSolution
		SolutionGuid = {A7707F35-37CE-4681-B0CE-E5D96B9447A5}
	EndGlobalSection
EndGlobal
